
Microsoft Visual Studio Solution File, Format Version 12.00
# Visual Studio Version 16
VisualStudioVersion = 16.0.30611.23
MinimumVisualStudioVersion = 10.0.40219.1
Project("{FAE04EC0-301F-11D3-BF4B-00C04F79EFBC}") = "ChatMultiClient", "ChatMultiClient\ChatMultiClient.csproj", "{CF255446-DA3F-4E0C-B10C-930952DA8F65}"
EndProject
Global
	GlobalSection(SolutionConfigurationPlatforms) = preSolution
		Debug|Any CPU = Debug|Any CPU
		Release|Any CPU = Release|Any CPU
	EndGlobalSection
	GlobalSection(ProjectConfigurationPlatforms) = postSolution
		{CF255446-DA3F-4E0C-B10C-930952DA8F65}.Debug|Any CPU.ActiveCfg = Debug|Any CPU
		{CF255446-DA3F-4E0C-B10C-930952DA8F65}.Debug|Any CPU.Build.0 = Debug|Any CPU
		{CF255446-DA3F-4E0C-B10C-930952DA8F65}.Release|Any CPU.ActiveCfg = Release|Any CPU
		{CF255446-DA3F-4E0C-B10C-930952DA8F65}.Release|Any CPU.Build.0 = Release|Any CPU
	EndGlobalSection
	GlobalSection(SolutionProperties) = preSolution
		HideSolutionNode = FALSE
	EndGlobalSection
	GlobalSection(ExtensibilityGlobals) = postSolution
		SolutionGuid = {2524E494-7D17-4E6B-BBE3-29521CE39953}
	EndGlobalSection
EndGlobal
